
Microsoft Visual Studio Solution File, Format Version 12.00
# Visual Studio 15
VisualStudioVersion = 15.0.28307.757
MinimumVisualStudioVersion = 10.0.40219.1
Project("{FAE04EC0-301F-11D3-BF4B-00C04F79EFBC}") = "ClipboardPlaceholder", "ClipboardPlaceholder.csproj", "{0C3F76FF-E8C0-4BEE-9BB4-1809830DAF9C}"
EndProject
Global
	GlobalSection(SolutionConfigurationPlatforms) = preSolution
		Debug|Any CPU = Debug|Any CPU
		Release|Any CPU = Release|Any CPU
	EndGlobalSection
	GlobalSection(ProjectConfigurationPlatforms) = postSolution
		{0C3F76FF-E8C0-4BEE-9BB4-1809830DAF9C}.Debug|Any CPU.ActiveCfg = Debug|Any CPU
		{0C3F76FF-E8C0-4BEE-9BB4-1809830DAF9C}.Debug|Any CPU.Build.0 = Debug|Any CPU
		{0C3F76FF-E8C0-4BEE-9BB4-1809830DAF9C}.Release|Any CPU.ActiveCfg = Release|Any CPU
		{0C3F76FF-E8C0-4BEE-9BB4-1809830DAF9C}.Release|Any CPU.Build.0 = Release|Any CPU
	EndGlobalSection
	GlobalSection(SolutionProperties) = preSolution
		HideSolutionNode = FALSE
	EndGlobalSection
	GlobalSection(ExtensibilityGlobals) = postSolution
		SolutionGuid = {AD5CCB83-0723-4EA7-ADFD-0497E67705B0}
	EndGlobalSection
EndGlobal
